
Microsoft Visual Studio Solution File, Format Version 12.00
# Visual Studio Version 17
VisualStudioVersion = 17.14.36623.8 d17.14
MinimumVisualStudioVersion = 10.0.40219.1
Project("{FAE04EC0-301F-11D3-BF4B-00C04F79EFBC}") = "Users", "Users.csproj", "{F1FC1C8D-20FF-4703-882D-AE0FE4F177EE}"
EndProject
Global
	GlobalSection(SolutionConfigurationPlatforms) = preSolution
		Debug|Any CPU = Debug|Any CPU
		Release|Any CPU = Release|Any CPU
	EndGlobalSection
	GlobalSection(ProjectConfigurationPlatforms) = postSolution
		{F1FC1C8D-20FF-4703-882D-AE0FE4F177EE}.Debug|Any CPU.ActiveCfg = Debug|Any CPU
		{F1FC1C8D-20FF-4703-882D-AE0FE4F177EE}.Debug|Any CPU.Build.0 = Debug|Any CPU
		{F1FC1C8D-20FF-4703-882D-AE0FE4F177EE}.Release|Any CPU.ActiveCfg = Release|Any CPU
		{F1FC1C8D-20FF-4703-882D-AE0FE4F177EE}.Release|Any CPU.Build.0 = Release|Any CPU
	EndGlobalSection
	GlobalSection(SolutionProperties) = preSolution
		HideSolutionNode = FALSE
	EndGlobalSection
	GlobalSection(ExtensibilityGlobals) = postSolution
		SolutionGuid = {D009765C-499A-4B62-AA49-D23922AFCDDA}
	EndGlobalSection
EndGlobal
